
Microsoft Visual Studio Solution File, Format Version 11.00
# Visual Studio 2010
Project("{FAE04EC0-301F-11D3-BF4B-00C04F79EFBC}") = "TT2000WP7Controller", "TT2000WP7Controller\TT2000WP7Controller\TT2000WP7Controller.csproj", "{227E943F-37D5-4352-A602-870F92D96B9E}"
EndProject
Project("{96E2B04D-8817-42C6-938A-82C39BA4D311}") = "TT2000WP7ControllerContent", "TT2000WP7Controller\TT2000WP7ControllerContent\TT2000WP7ControllerContent.contentproj", "{35A84C86-F097-4D52-B1A4-C1C442981DD4}"
EndProject
Global
	GlobalSection(SolutionConfigurationPlatforms) = preSolution
		Debug|Windows Phone = Debug|Windows Phone
		Release|Windows Phone = Release|Windows Phone
	EndGlobalSection
	GlobalSection(ProjectConfigurationPlatforms) = postSolution
		{227E943F-37D5-4352-A602-870F92D96B9E}.Debug|Windows Phone.ActiveCfg = Debug|Windows Phone
		{227E943F-37D5-4352-A602-870F92D96B9E}.Debug|Windows Phone.Build.0 = Debug|Windows Phone
		{227E943F-37D5-4352-A602-870F92D96B9E}.Debug|Windows Phone.Deploy.0 = Debug|Windows Phone
		{227E943F-37D5-4352-A602-870F92D96B9E}.Release|Windows Phone.ActiveCfg = Release|Windows Phone
		{227E943F-37D5-4352-A602-870F92D96B9E}.Release|Windows Phone.Build.0 = Release|Windows Phone
		{227E943F-37D5-4352-A602-870F92D96B9E}.Release|Windows Phone.Deploy.0 = Release|Windows Phone
		{35A84C86-F097-4D52-B1A4-C1C442981DD4}.Debug|Windows Phone.ActiveCfg = Debug|Windows Phone
		{35A84C86-F097-4D52-B1A4-C1C442981DD4}.Release|Windows Phone.ActiveCfg = Release|Windows Phone
	EndGlobalSection
	GlobalSection(SolutionProperties) = preSolution
		HideSolutionNode = FALSE
	EndGlobalSection
EndGlobal
