
Microsoft Visual Studio Solution File, Format Version 12.00
# Visual Studio 2012
Project("{FAE04EC0-301F-11D3-BF4B-00C04F79EFBC}") = "TurtleTurner2000.ScreenClient", "TurtleTurner2000.ScreenClient\TurtleTurner2000.ScreenClient.csproj", "{95FCAC60-61DC-4126-81E9-2A96E22FB422}"
EndProject
Project("{FAE04EC0-301F-11D3-BF4B-00C04F79EFBC}") = "TurtleTurner2000.AndroidController", "TurtleTurner2000.AndroidController\TurtleTurner2000.AndroidController.csproj", "{C90AD207-785F-43A3-96C3-46C523632C26}"
EndProject
Project("{FAE04EC0-301F-11D3-BF4B-00C04F79EFBC}") = "TurtleTurner2000.SharedEnums", "TurtleTurner2000.SharedEnums\TurtleTurner2000.SharedEnums.csproj", "{AA42C137-6139-4CD8-B90B-CB66BDD4E11F}"
EndProject
Project("{FAE04EC0-301F-11D3-BF4B-00C04F79EFBC}") = "DeveConnecteuze.Network", "DeveConnecteuze.Network\DeveConnecteuze.Network.csproj", "{A45FD3DC-B873-494A-B2FE-F7AB49BD8C0F}"
EndProject
Project("{FAE04EC0-301F-11D3-BF4B-00C04F79EFBC}") = "TurtleTurner2000.Server", "TurtleTurner2000.Server\TurtleTurner2000.Server.csproj", "{B1DD07ED-D03A-4FD2-BF13-4ADFDA081D68}"
EndProject
Project("{FAE04EC0-301F-11D3-BF4B-00C04F79EFBC}") = "FarseerPhysicsMonoGame", "FarseerPhysicsMonogame\FarseerPhysicsMonoGame.csproj", "{17E4B83D-4424-48B5-9926-920E82E7C082}"
EndProject
Project("{FAE04EC0-301F-11D3-BF4B-00C04F79EFBC}") = "TestTietje", "TestTietje\TestTietje.csproj", "{A780A4B2-0AE0-4CBC-89DB-6A82BAB5F0C8}"
EndProject
Project("{FAE04EC0-301F-11D3-BF4B-00C04F79EFBC}") = "TurtleTurner2000.WP7Controller", "TurtleTurner2000.WP7Controller\TT2000WP7Controller\TT2000WP7Controller\TurtleTurner2000.WP7Controller.csproj", "{227E943F-37D5-4352-A602-870F92D96B9E}"
EndProject
Project("{FAE04EC0-301F-11D3-BF4B-00C04F79EFBC}") = "TurtleTurner2000.WP7Content", "TurtleTurner2000.WP7Controller\TT2000WP7Controller\TT2000WP7ControllerContent\TurtleTurner2000.WP7Content.contentproj", "{35A84C86-F097-4D52-B1A4-C1C442981DD4}"
EndProject
Global
	GlobalSection(SolutionConfigurationPlatforms) = preSolution
		Debug|Any CPU = Debug|Any CPU
		Debug|Mixed Platforms = Debug|Mixed Platforms
		Debug|Windows Phone = Debug|Windows Phone
		Debug|x86 = Debug|x86
		Release|Any CPU = Release|Any CPU
		Release|Mixed Platforms = Release|Mixed Platforms
		Release|Windows Phone = Release|Windows Phone
		Release|x86 = Release|x86
	EndGlobalSection
	GlobalSection(ProjectConfigurationPlatforms) = postSolution
		{95FCAC60-61DC-4126-81E9-2A96E22FB422}.Debug|Any CPU.ActiveCfg = Debug|x86
		{95FCAC60-61DC-4126-81E9-2A96E22FB422}.Debug|Mixed Platforms.ActiveCfg = Debug|x86
		{95FCAC60-61DC-4126-81E9-2A96E22FB422}.Debug|Mixed Platforms.Build.0 = Debug|x86
		{95FCAC60-61DC-4126-81E9-2A96E22FB422}.Debug|Windows Phone.ActiveCfg = Debug|x86
		{95FCAC60-61DC-4126-81E9-2A96E22FB422}.Debug|x86.ActiveCfg = Debug|x86
		{95FCAC60-61DC-4126-81E9-2A96E22FB422}.Debug|x86.Build.0 = Debug|x86
		{95FCAC60-61DC-4126-81E9-2A96E22FB422}.Release|Any CPU.ActiveCfg = Release|x86
		{95FCAC60-61DC-4126-81E9-2A96E22FB422}.Release|Mixed Platforms.ActiveCfg = Release|x86
		{95FCAC60-61DC-4126-81E9-2A96E22FB422}.Release|Mixed Platforms.Build.0 = Release|x86
		{95FCAC60-61DC-4126-81E9-2A96E22FB422}.Release|Windows Phone.ActiveCfg = Release|x86
		{95FCAC60-61DC-4126-81E9-2A96E22FB422}.Release|x86.ActiveCfg = Release|x86
		{95FCAC60-61DC-4126-81E9-2A96E22FB422}.Release|x86.Build.0 = Release|x86
		{C90AD207-785F-43A3-96C3-46C523632C26}.Debug|Any CPU.ActiveCfg = Debug|Any CPU
		{C90AD207-785F-43A3-96C3-46C523632C26}.Debug|Any CPU.Build.0 = Debug|Any CPU
		{C90AD207-785F-43A3-96C3-46C523632C26}.Debug|Any CPU.Deploy.0 = Debug|Any CPU
		{C90AD207-785F-43A3-96C3-46C523632C26}.Debug|Mixed Platforms.ActiveCfg = Debug|Any CPU
		{C90AD207-785F-43A3-96C3-46C523632C26}.Debug|Mixed Platforms.Build.0 = Debug|Any CPU
		{C90AD207-785F-43A3-96C3-46C523632C26}.Debug|Mixed Platforms.Deploy.0 = Debug|Any CPU
		{C90AD207-785F-43A3-96C3-46C523632C26}.Debug|Windows Phone.ActiveCfg = Debug|Any CPU
		{C90AD207-785F-43A3-96C3-46C523632C26}.Debug|x86.ActiveCfg = Debug|Any CPU
		{C90AD207-785F-43A3-96C3-46C523632C26}.Release|Any CPU.ActiveCfg = Release|Any CPU
		{C90AD207-785F-43A3-96C3-46C523632C26}.Release|Any CPU.Build.0 = Release|Any CPU
		{C90AD207-785F-43A3-96C3-46C523632C26}.Release|Any CPU.Deploy.0 = Release|Any CPU
		{C90AD207-785F-43A3-96C3-46C523632C26}.Release|Mixed Platforms.ActiveCfg = Release|Any CPU
		{C90AD207-785F-43A3-96C3-46C523632C26}.Release|Mixed Platforms.Build.0 = Release|Any CPU
		{C90AD207-785F-43A3-96C3-46C523632C26}.Release|Mixed Platforms.Deploy.0 = Release|Any CPU
		{C90AD207-785F-43A3-96C3-46C523632C26}.Release|Windows Phone.ActiveCfg = Release|Any CPU
		{C90AD207-785F-43A3-96C3-46C523632C26}.Release|x86.ActiveCfg = Release|Any CPU
		{AA42C137-6139-4CD8-B90B-CB66BDD4E11F}.Debug|Any CPU.ActiveCfg = Debug|Any CPU
		{AA42C137-6139-4CD8-B90B-CB66BDD4E11F}.Debug|Any CPU.Build.0 = Debug|Any CPU
		{AA42C137-6139-4CD8-B90B-CB66BDD4E11F}.Debug|Mixed Platforms.ActiveCfg = Debug|Any CPU
		{AA42C137-6139-4CD8-B90B-CB66BDD4E11F}.Debug|Mixed Platforms.Build.0 = Debug|Any CPU
		{AA42C137-6139-4CD8-B90B-CB66BDD4E11F}.Debug|Windows Phone.ActiveCfg = Debug|Any CPU
		{AA42C137-6139-4CD8-B90B-CB66BDD4E11F}.Debug|x86.ActiveCfg = Debug|Any CPU
		{AA42C137-6139-4CD8-B90B-CB66BDD4E11F}.Release|Any CPU.ActiveCfg = Release|Any CPU
		{AA42C137-6139-4CD8-B90B-CB66BDD4E11F}.Release|Any CPU.Build.0 = Release|Any CPU
		{AA42C137-6139-4CD8-B90B-CB66BDD4E11F}.Release|Mixed Platforms.ActiveCfg = Release|Any CPU
		{AA42C137-6139-4CD8-B90B-CB66BDD4E11F}.Release|Mixed Platforms.Build.0 = Release|Any CPU
		{AA42C137-6139-4CD8-B90B-CB66BDD4E11F}.Release|Windows Phone.ActiveCfg = Release|Any CPU
		{AA42C137-6139-4CD8-B90B-CB66BDD4E11F}.Release|x86.ActiveCfg = Release|Any CPU
		{A45FD3DC-B873-494A-B2FE-F7AB49BD8C0F}.Debug|Any CPU.ActiveCfg = Debug|Any CPU
		{A45FD3DC-B873-494A-B2FE-F7AB49BD8C0F}.Debug|Any CPU.Build.0 = Debug|Any CPU
		{A45FD3DC-B873-494A-B2FE-F7AB49BD8C0F}.Debug|Mixed Platforms.ActiveCfg = Debug|Any CPU
		{A45FD3DC-B873-494A-B2FE-F7AB49BD8C0F}.Debug|Mixed Platforms.Build.0 = Debug|Any CPU
		{A45FD3DC-B873-494A-B2FE-F7AB49BD8C0F}.Debug|Windows Phone.ActiveCfg = Debug|Any CPU
		{A45FD3DC-B873-494A-B2FE-F7AB49BD8C0F}.Debug|x86.ActiveCfg = Debug|Any CPU
		{A45FD3DC-B873-494A-B2FE-F7AB49BD8C0F}.Release|Any CPU.ActiveCfg = Release|Any CPU
		{A45FD3DC-B873-494A-B2FE-F7AB49BD8C0F}.Release|Any CPU.Build.0 = Release|Any CPU
		{A45FD3DC-B873-494A-B2FE-F7AB49BD8C0F}.Release|Mixed Platforms.ActiveCfg = Release|Any CPU
		{A45FD3DC-B873-494A-B2FE-F7AB49BD8C0F}.Release|Mixed Platforms.Build.0 = Release|Any CPU
		{A45FD3DC-B873-494A-B2FE-F7AB49BD8C0F}.Release|Windows Phone.ActiveCfg = Release|Any CPU
		{A45FD3DC-B873-494A-B2FE-F7AB49BD8C0F}.Release|x86.ActiveCfg = Release|Any CPU
		{B1DD07ED-D03A-4FD2-BF13-4ADFDA081D68}.Debug|Any CPU.ActiveCfg = Debug|x86
		{B1DD07ED-D03A-4FD2-BF13-4ADFDA081D68}.Debug|Mixed Platforms.ActiveCfg = Debug|x86
		{B1DD07ED-D03A-4FD2-BF13-4ADFDA081D68}.Debug|Mixed Platforms.Build.0 = Debug|x86
		{B1DD07ED-D03A-4FD2-BF13-4ADFDA081D68}.Debug|Windows Phone.ActiveCfg = Debug|x86
		{B1DD07ED-D03A-4FD2-BF13-4ADFDA081D68}.Debug|x86.ActiveCfg = Debug|x86
		{B1DD07ED-D03A-4FD2-BF13-4ADFDA081D68}.Debug|x86.Build.0 = Debug|x86
		{B1DD07ED-D03A-4FD2-BF13-4ADFDA081D68}.Release|Any CPU.ActiveCfg = Release|x86
		{B1DD07ED-D03A-4FD2-BF13-4ADFDA081D68}.Release|Mixed Platforms.ActiveCfg = Release|x86
		{B1DD07ED-D03A-4FD2-BF13-4ADFDA081D68}.Release|Mixed Platforms.Build.0 = Release|x86
		{B1DD07ED-D03A-4FD2-BF13-4ADFDA081D68}.Release|Windows Phone.ActiveCfg = Release|x86
		{B1DD07ED-D03A-4FD2-BF13-4ADFDA081D68}.Release|x86.ActiveCfg = Release|x86
		{B1DD07ED-D03A-4FD2-BF13-4ADFDA081D68}.Release|x86.Build.0 = Release|x86
		{17E4B83D-4424-48B5-9926-920E82E7C082}.Debug|Any CPU.ActiveCfg = Debug|Any CPU
		{17E4B83D-4424-48B5-9926-920E82E7C082}.Debug|Any CPU.Build.0 = Debug|Any CPU
		{17E4B83D-4424-48B5-9926-920E82E7C082}.Debug|Mixed Platforms.ActiveCfg = Debug|Any CPU
		{17E4B83D-4424-48B5-9926-920E82E7C082}.Debug|Mixed Platforms.Build.0 = Debug|Any CPU
		{17E4B83D-4424-48B5-9926-920E82E7C082}.Debug|Windows Phone.ActiveCfg = Debug|Any CPU
		{17E4B83D-4424-48B5-9926-920E82E7C082}.Debug|x86.ActiveCfg = Debug|Any CPU
		{17E4B83D-4424-48B5-9926-920E82E7C082}.Release|Any CPU.ActiveCfg = Release|Any CPU
		{17E4B83D-4424-48B5-9926-920E82E7C082}.Release|Any CPU.Build.0 = Release|Any CPU
		{17E4B83D-4424-48B5-9926-920E82E7C082}.Release|Mixed Platforms.ActiveCfg = Release|Any CPU
		{17E4B83D-4424-48B5-9926-920E82E7C082}.Release|Mixed Platforms.Build.0 = Release|Any CPU
		{17E4B83D-4424-48B5-9926-920E82E7C082}.Release|Windows Phone.ActiveCfg = Release|Any CPU
		{17E4B83D-4424-48B5-9926-920E82E7C082}.Release|x86.ActiveCfg = Release|Any CPU
		{A780A4B2-0AE0-4CBC-89DB-6A82BAB5F0C8}.Debug|Any CPU.ActiveCfg = Debug|x86
		{A780A4B2-0AE0-4CBC-89DB-6A82BAB5F0C8}.Debug|Mixed Platforms.ActiveCfg = Debug|x86
		{A780A4B2-0AE0-4CBC-89DB-6A82BAB5F0C8}.Debug|Mixed Platforms.Build.0 = Debug|x86
		{A780A4B2-0AE0-4CBC-89DB-6A82BAB5F0C8}.Debug|Windows Phone.ActiveCfg = Debug|x86
		{A780A4B2-0AE0-4CBC-89DB-6A82BAB5F0C8}.Debug|x86.ActiveCfg = Debug|x86
		{A780A4B2-0AE0-4CBC-89DB-6A82BAB5F0C8}.Debug|x86.Build.0 = Debug|x86
		{A780A4B2-0AE0-4CBC-89DB-6A82BAB5F0C8}.Release|Any CPU.ActiveCfg = Release|x86
		{A780A4B2-0AE0-4CBC-89DB-6A82BAB5F0C8}.Release|Mixed Platforms.ActiveCfg = Release|x86
		{A780A4B2-0AE0-4CBC-89DB-6A82BAB5F0C8}.Release|Mixed Platforms.Build.0 = Release|x86
		{A780A4B2-0AE0-4CBC-89DB-6A82BAB5F0C8}.Release|Windows Phone.ActiveCfg = Release|x86
		{A780A4B2-0AE0-4CBC-89DB-6A82BAB5F0C8}.Release|x86.ActiveCfg = Release|x86
		{A780A4B2-0AE0-4CBC-89DB-6A82BAB5F0C8}.Release|x86.Build.0 = Release|x86
		{227E943F-37D5-4352-A602-870F92D96B9E}.Debug|Any CPU.ActiveCfg = Debug|Windows Phone
		{227E943F-37D5-4352-A602-870F92D96B9E}.Debug|Mixed Platforms.ActiveCfg = Debug|Windows Phone
		{227E943F-37D5-4352-A602-870F92D96B9E}.Debug|Mixed Platforms.Build.0 = Debug|Windows Phone
		{227E943F-37D5-4352-A602-870F92D96B9E}.Debug|Mixed Platforms.Deploy.0 = Debug|Windows Phone
		{227E943F-37D5-4352-A602-870F92D96B9E}.Debug|Windows Phone.ActiveCfg = Debug|Windows Phone
		{227E943F-37D5-4352-A602-870F92D96B9E}.Debug|Windows Phone.Build.0 = Debug|Windows Phone
		{227E943F-37D5-4352-A602-870F92D96B9E}.Debug|Windows Phone.Deploy.0 = Debug|Windows Phone
		{227E943F-37D5-4352-A602-870F92D96B9E}.Debug|x86.ActiveCfg = Debug|Windows Phone
		{227E943F-37D5-4352-A602-870F92D96B9E}.Release|Any CPU.ActiveCfg = Release|Windows Phone
		{227E943F-37D5-4352-A602-870F92D96B9E}.Release|Mixed Platforms.ActiveCfg = Release|Windows Phone
		{227E943F-37D5-4352-A602-870F92D96B9E}.Release|Mixed Platforms.Build.0 = Release|Windows Phone
		{227E943F-37D5-4352-A602-870F92D96B9E}.Release|Mixed Platforms.Deploy.0 = Release|Windows Phone
		{227E943F-37D5-4352-A602-870F92D96B9E}.Release|Windows Phone.ActiveCfg = Release|Windows Phone
		{227E943F-37D5-4352-A602-870F92D96B9E}.Release|Windows Phone.Build.0 = Release|Windows Phone
		{227E943F-37D5-4352-A602-870F92D96B9E}.Release|Windows Phone.Deploy.0 = Release|Windows Phone
		{227E943F-37D5-4352-A602-870F92D96B9E}.Release|x86.ActiveCfg = Release|Windows Phone
		{35A84C86-F097-4D52-B1A4-C1C442981DD4}.Debug|Any CPU.ActiveCfg = Debug|Windows Phone
		{35A84C86-F097-4D52-B1A4-C1C442981DD4}.Debug|Mixed Platforms.ActiveCfg = Debug|Windows Phone
		{35A84C86-F097-4D52-B1A4-C1C442981DD4}.Debug|Windows Phone.ActiveCfg = Debug|Windows Phone
		{35A84C86-F097-4D52-B1A4-C1C442981DD4}.Debug|x86.ActiveCfg = Debug|Windows Phone
		{35A84C86-F097-4D52-B1A4-C1C442981DD4}.Release|Any CPU.ActiveCfg = Release|Windows Phone
		{35A84C86-F097-4D52-B1A4-C1C442981DD4}.Release|Mixed Platforms.ActiveCfg = Release|Windows Phone
		{35A84C86-F097-4D52-B1A4-C1C442981DD4}.Release|Windows Phone.ActiveCfg = Release|Windows Phone
		{35A84C86-F097-4D52-B1A4-C1C442981DD4}.Release|x86.ActiveCfg = Release|Windows Phone
	EndGlobalSection
	GlobalSection(SolutionProperties) = preSolution
		HideSolutionNode = FALSE
	EndGlobalSection
EndGlobal
