
Microsoft Visual Studio Solution File, Format Version 12.00
# Visual Studio 2012
Project("{FAE04EC0-301F-11D3-BF4B-00C04F79EFBC}") = "TurtleTurner2000.ScreenClient", "TurtleTurner2000.ScreenClient\TurtleTurner2000.ScreenClient.csproj", "{95FCAC60-61DC-4126-81E9-2A96E22FB422}"
EndProject
Project("{FAE04EC0-301F-11D3-BF4B-00C04F79EFBC}") = "TurtleTurner2000.AndroidController", "TurtleTurner2000.AndroidController\TurtleTurner2000.AndroidController.csproj", "{C90AD207-785F-43A3-96C3-46C523632C26}"
EndProject
Project("{FAE04EC0-301F-11D3-BF4B-00C04F79EFBC}") = "TurtleTurner2000.SharedEnums", "TurtleTurner2000.SharedEnums\TurtleTurner2000.SharedEnums.csproj", "{AA42C137-6139-4CD8-B90B-CB66BDD4E11F}"
EndProject
Project("{FAE04EC0-301F-11D3-BF4B-00C04F79EFBC}") = "DeveConnecteuze.Network", "DeveConnecteuze.Network\DeveConnecteuze.Network.csproj", "{A45FD3DC-B873-494A-B2FE-F7AB49BD8C0F}"
EndProject
Project("{FAE04EC0-301F-11D3-BF4B-00C04F79EFBC}") = "TurtleTurner2000.Server", "TurtleTurner2000.Server\TurtleTurner2000.Server.csproj", "{B1DD07ED-D03A-4FD2-BF13-4ADFDA081D68}"
EndProject
Global
	GlobalSection(SolutionConfigurationPlatforms) = preSolution
		Debug|Any CPU = Debug|Any CPU
		Debug|Mixed Platforms = Debug|Mixed Platforms
		Debug|x86 = Debug|x86
		Release|Any CPU = Release|Any CPU
		Release|Mixed Platforms = Release|Mixed Platforms
		Release|x86 = Release|x86
	EndGlobalSection
	GlobalSection(ProjectConfigurationPlatforms) = postSolution
		{95FCAC60-61DC-4126-81E9-2A96E22FB422}.Debug|Any CPU.ActiveCfg = Debug|x86
		{95FCAC60-61DC-4126-81E9-2A96E22FB422}.Debug|Mixed Platforms.ActiveCfg = Debug|x86
		{95FCAC60-61DC-4126-81E9-2A96E22FB422}.Debug|Mixed Platforms.Build.0 = Debug|x86
		{95FCAC60-61DC-4126-81E9-2A96E22FB422}.Debug|x86.ActiveCfg = Debug|x86
		{95FCAC60-61DC-4126-81E9-2A96E22FB422}.Debug|x86.Build.0 = Debug|x86
		{95FCAC60-61DC-4126-81E9-2A96E22FB422}.Release|Any CPU.ActiveCfg = Release|x86
		{95FCAC60-61DC-4126-81E9-2A96E22FB422}.Release|Mixed Platforms.ActiveCfg = Release|x86
		{95FCAC60-61DC-4126-81E9-2A96E22FB422}.Release|Mixed Platforms.Build.0 = Release|x86
		{95FCAC60-61DC-4126-81E9-2A96E22FB422}.Release|x86.ActiveCfg = Release|x86
		{95FCAC60-61DC-4126-81E9-2A96E22FB422}.Release|x86.Build.0 = Release|x86
		{C90AD207-785F-43A3-96C3-46C523632C26}.Debug|Any CPU.ActiveCfg = Debug|Any CPU
		{C90AD207-785F-43A3-96C3-46C523632C26}.Debug|Any CPU.Build.0 = Debug|Any CPU
		{C90AD207-785F-43A3-96C3-46C523632C26}.Debug|Any CPU.Deploy.0 = Debug|Any CPU
		{C90AD207-785F-43A3-96C3-46C523632C26}.Debug|Mixed Platforms.ActiveCfg = Debug|Any CPU
		{C90AD207-785F-43A3-96C3-46C523632C26}.Debug|Mixed Platforms.Build.0 = Debug|Any CPU
		{C90AD207-785F-43A3-96C3-46C523632C26}.Debug|Mixed Platforms.Deploy.0 = Debug|Any CPU
		{C90AD207-785F-43A3-96C3-46C523632C26}.Debug|x86.ActiveCfg = Debug|Any CPU
		{C90AD207-785F-43A3-96C3-46C523632C26}.Release|Any CPU.ActiveCfg = Release|Any CPU
		{C90AD207-785F-43A3-96C3-46C523632C26}.Release|Any CPU.Build.0 = Release|Any CPU
		{C90AD207-785F-43A3-96C3-46C523632C26}.Release|Any CPU.Deploy.0 = Release|Any CPU
		{C90AD207-785F-43A3-96C3-46C523632C26}.Release|Mixed Platforms.ActiveCfg = Release|Any CPU
		{C90AD207-785F-43A3-96C3-46C523632C26}.Release|Mixed Platforms.Build.0 = Release|Any CPU
		{C90AD207-785F-43A3-96C3-46C523632C26}.Release|Mixed Platforms.Deploy.0 = Release|Any CPU
		{C90AD207-785F-43A3-96C3-46C523632C26}.Release|x86.ActiveCfg = Release|Any CPU
		{AA42C137-6139-4CD8-B90B-CB66BDD4E11F}.Debug|Any CPU.ActiveCfg = Debug|Any CPU
		{AA42C137-6139-4CD8-B90B-CB66BDD4E11F}.Debug|Any CPU.Build.0 = Debug|Any CPU
		{AA42C137-6139-4CD8-B90B-CB66BDD4E11F}.Debug|Mixed Platforms.ActiveCfg = Debug|Any CPU
		{AA42C137-6139-4CD8-B90B-CB66BDD4E11F}.Debug|Mixed Platforms.Build.0 = Debug|Any CPU
		{AA42C137-6139-4CD8-B90B-CB66BDD4E11F}.Debug|x86.ActiveCfg = Debug|Any CPU
		{AA42C137-6139-4CD8-B90B-CB66BDD4E11F}.Release|Any CPU.ActiveCfg = Release|Any CPU
		{AA42C137-6139-4CD8-B90B-CB66BDD4E11F}.Release|Any CPU.Build.0 = Release|Any CPU
		{AA42C137-6139-4CD8-B90B-CB66BDD4E11F}.Release|Mixed Platforms.ActiveCfg = Release|Any CPU
		{AA42C137-6139-4CD8-B90B-CB66BDD4E11F}.Release|Mixed Platforms.Build.0 = Release|Any CPU
		{AA42C137-6139-4CD8-B90B-CB66BDD4E11F}.Release|x86.ActiveCfg = Release|Any CPU
		{A45FD3DC-B873-494A-B2FE-F7AB49BD8C0F}.Debug|Any CPU.ActiveCfg = Debug|Any CPU
		{A45FD3DC-B873-494A-B2FE-F7AB49BD8C0F}.Debug|Any CPU.Build.0 = Debug|Any CPU
		{A45FD3DC-B873-494A-B2FE-F7AB49BD8C0F}.Debug|Mixed Platforms.ActiveCfg = Debug|Any CPU
		{A45FD3DC-B873-494A-B2FE-F7AB49BD8C0F}.Debug|Mixed Platforms.Build.0 = Debug|Any CPU
		{A45FD3DC-B873-494A-B2FE-F7AB49BD8C0F}.Debug|x86.ActiveCfg = Debug|Any CPU
		{A45FD3DC-B873-494A-B2FE-F7AB49BD8C0F}.Release|Any CPU.ActiveCfg = Release|Any CPU
		{A45FD3DC-B873-494A-B2FE-F7AB49BD8C0F}.Release|Any CPU.Build.0 = Release|Any CPU
		{A45FD3DC-B873-494A-B2FE-F7AB49BD8C0F}.Release|Mixed Platforms.ActiveCfg = Release|Any CPU
		{A45FD3DC-B873-494A-B2FE-F7AB49BD8C0F}.Release|Mixed Platforms.Build.0 = Release|Any CPU
		{A45FD3DC-B873-494A-B2FE-F7AB49BD8C0F}.Release|x86.ActiveCfg = Release|Any CPU
		{B1DD07ED-D03A-4FD2-BF13-4ADFDA081D68}.Debug|Any CPU.ActiveCfg = Debug|x86
		{B1DD07ED-D03A-4FD2-BF13-4ADFDA081D68}.Debug|Mixed Platforms.ActiveCfg = Debug|x86
		{B1DD07ED-D03A-4FD2-BF13-4ADFDA081D68}.Debug|Mixed Platforms.Build.0 = Debug|x86
		{B1DD07ED-D03A-4FD2-BF13-4ADFDA081D68}.Debug|x86.ActiveCfg = Debug|x86
		{B1DD07ED-D03A-4FD2-BF13-4ADFDA081D68}.Debug|x86.Build.0 = Debug|x86
		{B1DD07ED-D03A-4FD2-BF13-4ADFDA081D68}.Release|Any CPU.ActiveCfg = Release|x86
		{B1DD07ED-D03A-4FD2-BF13-4ADFDA081D68}.Release|Mixed Platforms.ActiveCfg = Release|x86
		{B1DD07ED-D03A-4FD2-BF13-4ADFDA081D68}.Release|Mixed Platforms.Build.0 = Release|x86
		{B1DD07ED-D03A-4FD2-BF13-4ADFDA081D68}.Release|x86.ActiveCfg = Release|x86
		{B1DD07ED-D03A-4FD2-BF13-4ADFDA081D68}.Release|x86.Build.0 = Release|x86
	EndGlobalSection
	GlobalSection(SolutionProperties) = preSolution
		HideSolutionNode = FALSE
	EndGlobalSection
EndGlobal
